// !$*UTF8*$!
{
	archiveVersion = 1;
	classes = {
	};
	objectVersion = 77;
	objects = {

/* Begin PBXContainerItemProxy section */
		E24FCCAB2CF44E3700F50199 /* PBXContainerItemProxy */ = {
			isa = PBXContainerItemProxy;
			containerPortal = E24FCC8C2CF44E3600F50199 /* Project object */;
			proxyType = 1;
			remoteGlobalIDString = E24FCC932CF44E3600F50199;
			remoteInfo = test;
		};
		E24FCCB52CF44E3700F50199 /* PBXContainerItemProxy */ = {
			isa = PBXContainerItemProxy;
			containerPortal = E24FCC8C2CF44E3600F50199 /* Project object */;
			proxyType = 1;
			remoteGlobalIDString = E24FCC932CF44E3600F50199;
			remoteInfo = test;
		};
/* End PBXContainerItemProxy section */

/* Begin PBXFileReference section */
		E24FCC942CF44E3600F50199 /* FrenchTranslator.app */ = {isa = PBXFileReference; explicitFileType = wrapper.application; includeInIndex = 0; path = FrenchTranslator.app; sourceTree = BUILT_PRODUCTS_DIR; };
		E24FCCAA2CF44E3700F50199 /* FrenchTranslatorTests.xctest */ = {isa = PBXFileReference; explicitFileType = wrapper.cfbundle; includeInIndex = 0; path = FrenchTranslatorTests.xctest; sourceTree = BUILT_PRODUCTS_DIR; };
		E24FCCB42CF44E3700F50199 /* FrenchTranslatorUITests.xctest */ = {isa = PBXFileReference; explicitFileType = wrapper.cfbundle; includeInIndex = 0; path = FrenchTranslatorUITests.xctest; sourceTree = BUILT_PRODUCTS_DIR; };
/* End PBXFileReference section */

/* Begin PBXFileSystemSynchronizedBuildFileExceptionSet section */
		E24FCCBC2CF44E3700F50199 /* Exceptions for "test" folder in "FrenchTranslator" target */ = {
			isa = PBXFileSystemSynchronizedBuildFileExceptionSet;
			membershipExceptions = (
				Info.plist,
			);
			target = E24FCC932CF44E3600F50199 /* FrenchTranslator */;
		};
/* End PBXFileSystemSynchronizedBuildFileExceptionSet section */

/* Begin PBXFileSystemSynchronizedRootGroup section */
		E24FCC962CF44E3600F50199 /* test */ = {
			isa = PBXFileSystemSynchronizedRootGroup;
			exceptions = (
				E24FCCBC2CF44E3700F50199 /* Exceptions for "test" folder in "FrenchTranslator" target */,
			);
			path = test;
			sourceTree = "<group>";
		};
		E24FCCAD2CF44E3700F50199 /* testTests */ = {
			isa = PBXFileSystemSynchronizedRootGroup;
			path = testTests;
			sourceTree = "<group>";
		};
		E24FCCB72CF44E3700F50199 /* testUITests */ = {
			isa = PBXFileSystemSynchronizedRootGroup;
			path = testUITests;
			sourceTree = "<group>";
		};
/* End PBXFileSystemSynchronizedRootGroup section */

/* Begin PBXFrameworksBuildPhase section */
		E24FCC912CF44E3600F50199 /* Frameworks */ = {
			isa = PBXFrameworksBuildPhase;
			buildActionMask = 2147483647;
			files = (
			);
			runOnlyForDeploymentPostprocessing = 0;
		};
		E24FCCA72CF44E3700F50199 /* Frameworks */ = {
			isa = PBXFrameworksBuildPhase;
			buildActionMask = 2147483647;
			files = (
			);
			runOnlyForDeploymentPostprocessing = 0;
		};
		E24FCCB12CF44E3700F50199 /* Frameworks */ = {
			isa = PBXFrameworksBuildPhase;
			buildActionMask = 2147483647;
			files = (
			);
			runOnlyForDeploymentPostprocessing = 0;
		};
/* End PBXFrameworksBuildPhase section */

/* Begin PBXGroup section */
		E24FCC8B2CF44E3600F50199 = {
			isa = PBXGroup;
			children = (
				E24FCC962CF44E3600F50199 /* test */,
				E24FCCAD2CF44E3700F50199 /* testTests */,
				E24FCCB72CF44E3700F50199 /* testUITests */,
				E24FCC952CF44E3600F50199 /* Products */,
			);
			sourceTree = "<group>";
		};
		E24FCC952CF44E3600F50199 /* Products */ = {
			isa = PBXGroup;
			children = (
				E24FCC942CF44E3600F50199 /* FrenchTranslator.app */,
				E24FCCAA2CF44E3700F50199 /* FrenchTranslatorTests.xctest */,
				E24FCCB42CF44E3700F50199 /* FrenchTranslatorUITests.xctest */,
			);
			name = Products;
			sourceTree = "<group>";
		};
/* End PBXGroup section */

/* Begin PBXNativeTarget section */
		E24FCC932CF44E3600F50199 /* FrenchTranslator */ = {
			isa = PBXNativeTarget;
			buildConfigurationList = E24FCCBD2CF44E3700F50199 /* Build configuration list for PBXNativeTarget "FrenchTranslator" */;
			buildPhases = (
				E24FCC902CF44E3600F50199 /* Sources */,
				E24FCC912CF44E3600F50199 /* Frameworks */,
				E24FCC922CF44E3600F50199 /* Resources */,
			);
			buildRules = (
			);
			dependencies = (
			);
			fileSystemSynchronizedGroups = (
				E24FCC962CF44E3600F50199 /* test */,
			);
			name = FrenchTranslator;
			packageProductDependencies = (
			);
			productName = test;
			productReference = E24FCC942CF44E3600F50199 /* FrenchTranslator.app */;
			productType = "com.apple.product-type.application";
		};
		E24FCCA92CF44E3700F50199 /* FrenchTranslatorTests */ = {
			isa = PBXNativeTarget;
			buildConfigurationList = E24FCCC22CF44E3700F50199 /* Build configuration list for PBXNativeTarget "FrenchTranslatorTests" */;
			buildPhases = (
				E24FCCA62CF44E3700F50199 /* Sources */,
				E24FCCA72CF44E3700F50199 /* Frameworks */,
				E24FCCA82CF44E3700F50199 /* Resources */,
			);
			buildRules = (
			);
			dependencies = (
				E24FCCAC2CF44E3700F50199 /* PBXTargetDependency */,
			);
			fileSystemSynchronizedGroups = (
				E24FCCAD2CF44E3700F50199 /* testTests */,
			);
			name = FrenchTranslatorTests;
			packageProductDependencies = (
			);
			productName = testTests;
			productReference = E24FCCAA2CF44E3700F50199 /* FrenchTranslatorTests.xctest */;
			productType = "com.apple.product-type.bundle.unit-test";
		};
		E24FCCB32CF44E3700F50199 /* FrenchTranslatorUITests */ = {
			isa = PBXNativeTarget;
			buildConfigurationList = E24FCCC52CF44E3700F50199 /* Build configuration list for PBXNativeTarget "FrenchTranslatorUITests" */;
			buildPhases = (
				E24FCCB02CF44E3700F50199 /* Sources */,
				E24FCCB12CF44E3700F50199 /* Frameworks */,
				E24FCCB22CF44E3700F50199 /* Resources */,
			);
			buildRules = (
			);
			dependencies = (
				E24FCCB62CF44E3700F50199 /* PBXTargetDependency */,
			);
			fileSystemSynchronizedGroups = (
				E24FCCB72CF44E3700F50199 /* testUITests */,
			);
			name = FrenchTranslatorUITests;
			packageProductDependencies = (
			);
			productName = testUITests;
			productReference = E24FCCB42CF44E3700F50199 /* FrenchTranslatorUITests.xctest */;
			productType = "com.apple.product-type.bundle.ui-testing";
		};
/* End PBXNativeTarget section */

/* Begin PBXProject section */
		E24FCC8C2CF44E3600F50199 /* Project object */ = {
			isa = PBXProject;
			attributes = {
				BuildIndependentTargetsInParallel = 1;
				LastSwiftUpdateCheck = 1600;
				LastUpgradeCheck = 1600;
				TargetAttributes = {
					E24FCC932CF44E3600F50199 = {
						CreatedOnToolsVersion = 16.0;
					};
					E24FCCA92CF44E3700F50199 = {
						CreatedOnToolsVersion = 16.0;
						TestTargetID = E24FCC932CF44E3600F50199;
					};
					E24FCCB32CF44E3700F50199 = {
						CreatedOnToolsVersion = 16.0;
						TestTargetID = E24FCC932CF44E3600F50199;
					};
				};
			};
			buildConfigurationList = E24FCC8F2CF44E3600F50199 /* Build configuration list for PBXProject "FrenchTranslator" */;
			developmentRegion = en;
			hasScannedForEncodings = 0;
			knownRegions = (
				en,
				Base,
			);
			mainGroup = E24FCC8B2CF44E3600F50199;
			minimizedProjectReferenceProxies = 1;
			preferredProjectObjectVersion = 77;
			productRefGroup = E24FCC952CF44E3600F50199 /* Products */;
			projectDirPath = "";
			projectRoot = "";
			targets = (
				E24FCC932CF44E3600F50199 /* FrenchTranslator */,
				E24FCCA92CF44E3700F50199 /* FrenchTranslatorTests */,
				E24FCCB32CF44E3700F50199 /* FrenchTranslatorUITests */,
			);
		};
/* End PBXProject section */

/* Begin PBXResourcesBuildPhase section */
		E24FCC922CF44E3600F50199 /* Resources */ = {
			isa = PBXResourcesBuildPhase;
			buildActionMask = 2147483647;
			files = (
			);
			runOnlyForDeploymentPostprocessing = 0;
		};
		E24FCCA82CF44E3700F50199 /* Resources */ = {
			isa = PBXResourcesBuildPhase;
			buildActionMask = 2147483647;
			files = (
			);
			runOnlyForDeploymentPostprocessing = 0;
		};
		E24FCCB22CF44E3700F50199 /* Resources */ = {
			isa = PBXResourcesBuildPhase;
			buildActionMask = 2147483647;
			files = (
			);
			runOnlyForDeploymentPostprocessing = 0;
		};
/* End PBXResourcesBuildPhase section */

/* Begin PBXSourcesBuildPhase section */
		E24FCC902CF44E3600F50199 /* Sources */ = {
			isa = PBXSourcesBuildPhase;
			buildActionMask = 2147483647;
			files = (
			);
			runOnlyForDeploymentPostprocessing = 0;
		};
		E24FCCA62CF44E3700F50199 /* Sources */ = {
			isa = PBXSourcesBuildPhase;
			buildActionMask = 2147483647;
			files = (
			);
			runOnlyForDeploymentPostprocessing = 0;
		};
		E24FCCB02CF44E3700F50199 /* Sources */ = {
			isa = PBXSourcesBuildPhase;
			buildActionMask = 2147483647;
			files = (
			);
			runOnlyForDeploymentPostprocessing = 0;
		};
/* End PBXSourcesBuildPhase section */

/* Begin PBXTargetDependency section */
		E24FCCAC2CF44E3700F50199 /* PBXTargetDependency */ = {
			isa = PBXTargetDependency;
			target = E24FCC932CF44E3600F50199 /* FrenchTranslator */;
			targetProxy = E24FCCAB2CF44E3700F50199 /* PBXContainerItemProxy */;
		};
		E24FCCB62CF44E3700F50199 /* PBXTargetDependency */ = {
			isa = PBXTargetDependency;
			target = E24FCC932CF44E3600F50199 /* FrenchTranslator */;
			targetProxy = E24FCCB52CF44E3700F50199 /* PBXContainerItemProxy */;
		};
/* End PBXTargetDependency section */

/* Begin XCBuildConfiguration section */
		E24FCCBE2CF44E3700F50199 /* Debug */ = {
			isa = XCBuildConfiguration;
			buildSettings = {
				ASSETCATALOG_COMPILER_APPICON_NAME = AppIcon;
				ASSETCATALOG_COMPILER_GLOBAL_ACCENT_COLOR_NAME = AccentColor;
				CODE_SIGN_STYLE = Automatic;
				CURRENT_PROJECT_VERSION = 1;
				DEVELOPMENT_TEAM = Y35MPJ6969;
				GENERATE_INFOPLIST_FILE = YES;
				INFOPLIST_FILE = test/Info.plist;
				INFOPLIST_KEY_UIApplicationSupportsIndirectInputEvents = YES;
				INFOPLIST_KEY_UILaunchStoryboardName = LaunchScreen;
				INFOPLIST_KEY_UIMainStoryboardFile = Main;
				INFOPLIST_KEY_UISupportedInterfaceOrientations_iPad = "UIInterfaceOrientationPortrait UIInterfaceOrientationPortraitUpsideDown UIInterfaceOrientationLandscapeLeft UIInterfaceOrientationLandscapeRight";
				INFOPLIST_KEY_UISupportedInterfaceOrientations_iPhone = "UIInterfaceOrientationPortrait UIInterfaceOrientationLandscapeLeft UIInterfaceOrientationLandscapeRight";
				LD_RUNPATH_SEARCH_PATHS = (
					"$(inherited)",
					"@executable_path/Frameworks",
				);
				MARKETING_VERSION = 1.0;
				PRODUCT_BUNDLE_IDENTIFIER = q.test;
				PRODUCT_NAME = "$(TARGET_NAME)";
				SWIFT_EMIT_LOC_STRINGS = YES;
				SWIFT_VERSION = 5.0;
				TARGETED_DEVICE_FAMILY = "1,2";
			};
			name = Debug;
		};
		E24FCCBF2CF44E3700F50199 /* Release */ = {
			isa = XCBuildConfiguration;
			buildSettings = {
				ASSETCATALOG_COMPILER_APPICON_NAME = AppIcon;
				ASSETCATALOG_COMPILER_GLOBAL_ACCENT_COLOR_NAME = AccentColor;
				CODE_SIGN_STYLE = Automatic;
				CURRENT_PROJECT_VERSION = 1;
				DEVELOPMENT_TEAM = Y35MPJ6969;
				GENERATE_INFOPLIST_FILE = YES;
				INFOPLIST_FILE = test/Info.plist;
				INFOPLIST_KEY_UIApplicationSupportsIndirectInputEvents = YES;
				INFOPLIST_KEY_UILaunchStoryboardName = LaunchScreen;
				INFOPLIST_KEY_UIMainStoryboardFile = Main;
				INFOPLIST_KEY_UISupportedInterfaceOrientations_iPad = "UIInterfaceOrientationPortrait UIInterfaceOrientationPortraitUpsideDown UIInterfaceOrientationLandscapeLeft UIInterfaceOrientationLandscapeRight";
				INFOPLIST_KEY_UISupportedInterfaceOrientations_iPhone = "UIInterfaceOrientationPortrait UIInterfaceOrientationLandscapeLeft UIInterfaceOrientationLandscapeRight";
				LD_RUNPATH_SEARCH_PATHS = (
					"$(inherited)",
					"@executable_path/Frameworks",
				);
				MARKETING_VERSION = 1.0;
				PRODUCT_BUNDLE_IDENTIFIER = q.test;
				PRODUCT_NAME = "$(TARGET_NAME)";
				SWIFT_EMIT_LOC_STRINGS = YES;
				SWIFT_VERSION = 5.0;
				TARGETED_DEVICE_FAMILY = "1,2";
			};
			name = Release;
		};
		E24FCCC02CF44E3700F50199 /* Debug */ = {
			isa = XCBuildConfiguration;
			buildSettings = {
				ALWAYS_SEARCH_USER_PATHS = NO;
				ASSETCATALOG_COMPILER_GENERATE_SWIFT_ASSET_SYMBOL_EXTENSIONS = YES;
				CLANG_ANALYZER_NONNULL = YES;
				CLANG_ANALYZER_NUMBER_OBJECT_CONVERSION = YES_AGGRESSIVE;
				CLANG_CXX_LANGUAGE_STANDARD = "gnu++20";
				CLANG_ENABLE_MODULES = YES;
				CLANG_ENABLE_OBJC_ARC = YES;
				CLANG_ENABLE_OBJC_WEAK = YES;
				CLANG_WARN_BLOCK_CAPTURE_AUTORELEASING = YES;
				CLANG_WARN_BOOL_CONVERSION = YES;
				CLANG_WARN_COMMA = YES;
				CLANG_WARN_CONSTANT_CONVERSION = YES;
				CLANG_WARN_DEPRECATED_OBJC_IMPLEMENTATIONS = YES;
				CLANG_WARN_DIRECT_OBJC_ISA_USAGE = YES_ERROR;
				CLANG_WARN_DOCUMENTATION_COMMENTS = YES;
				CLANG_WARN_EMPTY_BODY = YES;
				CLANG_WARN_ENUM_CONVERSION = YES;
				CLANG_WARN_INFINITE_RECURSION = YES;
				CLANG_WARN_INT_CONVERSION = YES;
				CLANG_WARN_NON_LITERAL_NULL_CONVERSION = YES;
				CLANG_WARN_OBJC_IMPLICIT_RETAIN_SELF = YES;
				CLANG_WARN_OBJC_LITERAL_CONVERSION = YES;
				CLANG_WARN_OBJC_ROOT_CLASS = YES_ERROR;
				CLANG_WARN_QUOTED_INCLUDE_IN_FRAMEWORK_HEADER = YES;
				CLANG_WARN_RANGE_LOOP_ANALYSIS = YES;
				CLANG_WARN_STRICT_PROTOTYPES = YES;
				CLANG_WARN_SUSPICIOUS_MOVE = YES;
				CLANG_WARN_UNGUARDED_AVAILABILITY = YES_AGGRESSIVE;
				CLANG_WARN_UNREACHABLE_CODE = YES;
				CLANG_WARN__DUPLICATE_METHOD_MATCH = YES;
				COPY_PHASE_STRIP = NO;
				DEBUG_INFORMATION_FORMAT = dwarf;
				ENABLE_STRICT_OBJC_MSGSEND = YES;
				ENABLE_TESTABILITY = YES;
				ENABLE_USER_SCRIPT_SANDBOXING = YES;
				GCC_C_LANGUAGE_STANDARD = gnu17;
				GCC_DYNAMIC_NO_PIC = NO;
				GCC_NO_COMMON_BLOCKS = YES;
				GCC_OPTIMIZATION_LEVEL = 0;
				GCC_PREPROCESSOR_DEFINITIONS = (
					"DEBUG=1",
					"$(inherited)",
				);
				GCC_WARN_64_TO_32_BIT_CONVERSION = YES;
				GCC_WARN_ABOUT_RETURN_TYPE = YES_ERROR;
				GCC_WARN_UNDECLARED_SELECTOR = YES;
				GCC_WARN_UNINITIALIZED_AUTOS = YES_AGGRESSIVE;
				GCC_WARN_UNUSED_FUNCTION = YES;
				GCC_WARN_UNUSED_VARIABLE = YES;
				IPHONEOS_DEPLOYMENT_TARGET = 18.0;
				LOCALIZATION_PREFERS_STRING_CATALOGS = YES;
				MTL_ENABLE_DEBUG_INFO = INCLUDE_SOURCE;
				MTL_FAST_MATH = YES;
				ONLY_ACTIVE_ARCH = YES;
				SDKROOT = iphoneos;
				SWIFT_ACTIVE_COMPILATION_CONDITIONS = "DEBUG $(inherited)";
				SWIFT_OPTIMIZATION_LEVEL = "-Onone";
			};
			name = Debug;
		};
		E24FCCC12CF44E3700F50199 /* Release */ = {
			isa = XCBuildConfiguration;
			buildSettings = {
				ALWAYS_SEARCH_USER_PATHS = NO;
				ASSETCATALOG_COMPILER_GENERATE_SWIFT_ASSET_SYMBOL_EXTENSIONS = YES;
				CLANG_ANALYZER_NONNULL = YES;
				CLANG_ANALYZER_NUMBER_OBJECT_CONVERSION = YES_AGGRESSIVE;
				CLANG_CXX_LANGUAGE_STANDARD = "gnu++20";
				CLANG_ENABLE_MODULES = YES;
				CLANG_ENABLE_OBJC_ARC = YES;
				CLANG_ENABLE_OBJC_WEAK = YES;
				CLANG_WARN_BLOCK_CAPTURE_AUTORELEASING = YES;
				CLANG_WARN_BOOL_CONVERSION = YES;
				CLANG_WARN_COMMA = YES;
				CLANG_WARN_CONSTANT_CONVERSION = YES;
				CLANG_WARN_DEPRECATED_OBJC_IMPLEMENTATIONS = YES;
				CLANG_WARN_DIRECT_OBJC_ISA_USAGE = YES_ERROR;
				CLANG_WARN_DOCUMENTATION_COMMENTS = YES;
				CLANG_WARN_EMPTY_BODY = YES;
				CLANG_WARN_ENUM_CONVERSION = YES;
				CLANG_WARN_INFINITE_RECURSION = YES;
				CLANG_WARN_INT_CONVERSION = YES;
				CLANG_WARN_NON_LITERAL_NULL_CONVERSION = YES;
				CLANG_WARN_OBJC_IMPLICIT_RETAIN_SELF = YES;
				CLANG_WARN_OBJC_LITERAL_CONVERSION = YES;
				CLANG_WARN_OBJC_ROOT_CLASS = YES_ERROR;
				CLANG_WARN_QUOTED_INCLUDE_IN_FRAMEWORK_HEADER = YES;
				CLANG_WARN_RANGE_LOOP_ANALYSIS = YES;
				CLANG_WARN_STRICT_PROTOTYPES = YES;
				CLANG_WARN_SUSPICIOUS_MOVE = YES;
				CLANG_WARN_UNGUARDED_AVAILABILITY = YES_AGGRESSIVE;
				CLANG_WARN_UNREACHABLE_CODE = YES;
				CLANG_WARN__DUPLICATE_METHOD_MATCH = YES;
				COPY_PHASE_STRIP = NO;
				DEBUG_INFORMATION_FORMAT = "dwarf-with-dsym";
				ENABLE_NS_ASSERTIONS = NO;
				ENABLE_STRICT_OBJC_MSGSEND = YES;
				ENABLE_USER_SCRIPT_SANDBOXING = YES;
				GCC_C_LANGUAGE_STANDARD = gnu17;
				GCC_NO_COMMON_BLOCKS = YES;
				GCC_WARN_64_TO_32_BIT_CONVERSION = YES;
				GCC_WARN_ABOUT_RETURN_TYPE = YES_ERROR;
				GCC_WARN_UNDECLARED_SELECTOR = YES;
				GCC_WARN_UNINITIALIZED_AUTOS = YES_AGGRESSIVE;
				GCC_WARN_UNUSED_FUNCTION = YES;
				GCC_WARN_UNUSED_VARIABLE = YES;
				IPHONEOS_DEPLOYMENT_TARGET = 18.0;
				LOCALIZATION_PREFERS_STRING_CATALOGS = YES;
				MTL_ENABLE_DEBUG_INFO = NO;
				MTL_FAST_MATH = YES;
				SDKROOT = iphoneos;
				SWIFT_COMPILATION_MODE = wholemodule;
				VALIDATE_PRODUCT = YES;
			};
			name = Release;
		};
		E24FCCC32CF44E3700F50199 /* Debug */ = {
			isa = XCBuildConfiguration;
			buildSettings = {
				BUNDLE_LOADER = "$(TEST_HOST)";
				CODE_SIGN_STYLE = Automatic;
				CURRENT_PROJECT_VERSION = 1;
				DEVELOPMENT_TEAM = Y35MPJ6969;
				GENERATE_INFOPLIST_FILE = YES;
				IPHONEOS_DEPLOYMENT_TARGET = 18.0;
				MARKETING_VERSION = 1.0;
				PRODUCT_BUNDLE_IDENTIFIER = q.testTests;
				PRODUCT_NAME = "$(TARGET_NAME)";
				SWIFT_EMIT_LOC_STRINGS = NO;
				SWIFT_VERSION = 5.0;
				TARGETED_DEVICE_FAMILY = "1,2";
				TEST_HOST = "$(BUILT_PRODUCTS_DIR)/FrenchTranslator.app/$(BUNDLE_EXECUTABLE_FOLDER_PATH)/FrenchTranslator";
			};
			name = Debug;
		};
		E24FCCC42CF44E3700F50199 /* Release */ = {
			isa = XCBuildConfiguration;
			buildSettings = {
				BUNDLE_LOADER = "$(TEST_HOST)";
				CODE_SIGN_STYLE = Automatic;
				CURRENT_PROJECT_VERSION = 1;
				DEVELOPMENT_TEAM = Y35MPJ6969;
				GENERATE_INFOPLIST_FILE = YES;
				IPHONEOS_DEPLOYMENT_TARGET = 18.0;
				MARKETING_VERSION = 1.0;
				PRODUCT_BUNDLE_IDENTIFIER = q.testTests;
				PRODUCT_NAME = "$(TARGET_NAME)";
				SWIFT_EMIT_LOC_STRINGS = NO;
				SWIFT_VERSION = 5.0;
				TARGETED_DEVICE_FAMILY = "1,2";
				TEST_HOST = "$(BUILT_PRODUCTS_DIR)/FrenchTranslator.app/$(BUNDLE_EXECUTABLE_FOLDER_PATH)/FrenchTranslator";
			};
			name = Release;
		};
		E24FCCC62CF44E3700F50199 /* Debug */ = {
			isa = XCBuildConfiguration;
			buildSettings = {
				CODE_SIGN_STYLE = Automatic;
				CURRENT_PROJECT_VERSION = 1;
				DEVELOPMENT_TEAM = Y35MPJ6969;
				GENERATE_INFOPLIST_FILE = YES;
				MARKETING_VERSION = 1.0;
				PRODUCT_BUNDLE_IDENTIFIER = q.testUITests;
				PRODUCT_NAME = "$(TARGET_NAME)";
				SWIFT_EMIT_LOC_STRINGS = NO;
				SWIFT_VERSION = 5.0;
				TARGETED_DEVICE_FAMILY = "1,2";
				TEST_TARGET_NAME = test;
			};
			name = Debug;
		};
		E24FCCC72CF44E3700F50199 /* Release */ = {
			isa = XCBuildConfiguration;
			buildSettings = {
				CODE_SIGN_STYLE = Automatic;
				CURRENT_PROJECT_VERSION = 1;
				DEVELOPMENT_TEAM = Y35MPJ6969;
				GENERATE_INFOPLIST_FILE = YES;
				MARKETING_VERSION = 1.0;
				PRODUCT_BUNDLE_IDENTIFIER = q.testUITests;
				PRODUCT_NAME = "$(TARGET_NAME)";
				SWIFT_EMIT_LOC_STRINGS = NO;
				SWIFT_VERSION = 5.0;
				TARGETED_DEVICE_FAMILY = "1,2";
				TEST_TARGET_NAME = test;
			};
			name = Release;
		};
/* End XCBuildConfiguration section */

/* Begin XCConfigurationList section */
		E24FCC8F2CF44E3600F50199 /* Build configuration list for PBXProject "FrenchTranslator" */ = {
			isa = XCConfigurationList;
			buildConfigurations = (
				E24FCCC02CF44E3700F50199 /* Debug */,
				E24FCCC12CF44E3700F50199 /* Release */,
			);
			defaultConfigurationIsVisible = 0;
			defaultConfigurationName = Release;
		};
		E24FCCBD2CF44E3700F50199 /* Build configuration list for PBXNativeTarget "FrenchTranslator" */ = {
			isa = XCConfigurationList;
			buildConfigurations = (
				E24FCCBE2CF44E3700F50199 /* Debug */,
				E24FCCBF2CF44E3700F50199 /* Release */,
			);
			defaultConfigurationIsVisible = 0;
			defaultConfigurationName = Release;
		};
		E24FCCC22CF44E3700F50199 /* Build configuration list for PBXNativeTarget "FrenchTranslatorTests" */ = {
			isa = XCConfigurationList;
			buildConfigurations = (
				E24FCCC32CF44E3700F50199 /* Debug */,
				E24FCCC42CF44E3700F50199 /* Release */,
			);
			defaultConfigurationIsVisible = 0;
			defaultConfigurationName = Release;
		};
		E24FCCC52CF44E3700F50199 /* Build configuration list for PBXNativeTarget "FrenchTranslatorUITests" */ = {
			isa = XCConfigurationList;
			buildConfigurations = (
				E24FCCC62CF44E3700F50199 /* Debug */,
				E24FCCC72CF44E3700F50199 /* Release */,
			);
			defaultConfigurationIsVisible = 0;
			defaultConfigurationName = Release;
		};
/* End XCConfigurationList section */
	};
	rootObject = E24FCC8C2CF44E3600F50199 /* Project object */;
}
